Microsoft Visual Studio Solution File, Format Version 12.00
# .NET 10
Project("{9A19103F-16F7-4668-BE54-9A1E7A4F7556}") = "Api", "src\Api\Api.csproj", "{B1A0E001-0001-0001-0001-000000000001}"
EndProject
Project("{9A19103F-16F7-4668-BE54-9A1E7A4F7556}") = "Api.Tests", "tests\Api.Tests\Api.Tests.csproj", "{B1A0E001-0001-0001-0001-000000000002}"
EndProject
Global
	GlobalSection(SolutionConfigurationPlatforms) = preSolution
		Debug|Any CPU = Debug|Any CPU
		Release|Any CPU = Release|Any CPU
	EndGlobalSection
	GlobalSection(ProjectConfigurationPlatforms) = postSolution
		{B1A0E001-0001-0001-0001-000000000001}.Debug|Any CPU.ActiveCfg = Debug|Any CPU
		{B1A0E001-0001-0001-0001-000000000001}.Debug|Any CPU.Build.0 = Debug|Any CPU
		{B1A0E001-0001-0001-0001-000000000001}.Release|Any CPU.ActiveCfg = Release|Any CPU
		{B1A0E001-0001-0001-0001-000000000001}.Release|Any CPU.Build.0 = Release|Any CPU
		{B1A0E001-0001-0001-0001-000000000002}.Debug|Any CPU.ActiveCfg = Debug|Any CPU
		{B1A0E001-0001-0001-0001-000000000002}.Debug|Any CPU.Build.0 = Debug|Any CPU
		{B1A0E001-0001-0001-0001-000000000002}.Release|Any CPU.ActiveCfg = Release|Any CPU
		{B1A0E001-0001-0001-0001-000000000002}.Release|Any CPU.Build.0 = Release|Any CPU
	EndGlobalSection
EndGlobal
